// !$*UTF8*$!
{
	archiveVersion = 1;
	classes = {
	};
	objectVersion = 56;
	objects = {

/* Begin PBXBuildFile section */
		403003672B7E52B80099229C /* LoginRequest.swift in Sources */ = {isa = PBXBuildFile; fileRef = 403003662B7E52B80099229C /* LoginRequest.swift */; };
		4030036C2B7E534E0099229C /* NetworkManager.swift in Sources */ = {isa = PBXBuildFile; fileRef = 4030036B2B7E534E0099229C /* NetworkManager.swift */; };
		403003732B7E64690099229C /* WelcomePageUITests.swift in Sources */ = {isa = PBXBuildFile; fileRef = 403003722B7E64690099229C /* WelcomePageUITests.swift */; };
		403003752B7E64BE0099229C /* WelcomePageView.swift in Sources */ = {isa = PBXBuildFile; fileRef = 403003742B7E64BE0099229C /* WelcomePageView.swift */; };
		403003792B7E65240099229C /* AuthenticationServiceProtocol.swift in Sources */ = {isa = PBXBuildFile; fileRef = 403003782B7E65240099229C /* AuthenticationServiceProtocol.swift */; };
		4030037C2B7E65890099229C /* AuthenticationService.swift in Sources */ = {isa = PBXBuildFile; fileRef = 4030037B2B7E65890099229C /* AuthenticationService.swift */; };
		40343AEB2B7E3A5F00C90C1C /* AcebookApp.swift in Sources */ = {isa = PBXBuildFile; fileRef = 40343AEA2B7E3A5F00C90C1C /* AcebookApp.swift */; };
		40343AED2B7E3A5F00C90C1C /* ContentView.swift in Sources */ = {isa = PBXBuildFile; fileRef = 40343AEC2B7E3A5F00C90C1C /* ContentView.swift */; };
		40343AEF2B7E3A6100C90C1C /* Assets.xcassets in Resources */ = {isa = PBXBuildFile; fileRef = 40343AEE2B7E3A6100C90C1C /* Assets.xcassets */; };
		40343AF22B7E3A6100C90C1C /* Preview Assets.xcassets in Resources */ = {isa = PBXBuildFile; fileRef = 40343AF12B7E3A6100C90C1C /* Preview Assets.xcassets */; };
		40343AFC2B7E3A6100C90C1C /* AcebookTests.swift in Sources */ = {isa = PBXBuildFile; fileRef = 40343AFB2B7E3A6100C90C1C /* AcebookTests.swift */; };
		40343B062B7E3A6100C90C1C /* AcebookUITests.swift in Sources */ = {isa = PBXBuildFile; fileRef = 40343B052B7E3A6100C90C1C /* AcebookUITests.swift */; };
		40343B082B7E3A6100C90C1C /* AcebookUITestsLaunchTests.swift in Sources */ = {isa = PBXBuildFile; fileRef = 40343B072B7E3A6100C90C1C /* AcebookUITestsLaunchTests.swift */; };
		40343B152B7E3BD200C90C1C /* signUpView.swift in Sources */ = {isa = PBXBuildFile; fileRef = 40343B142B7E3BD200C90C1C /* signUpView.swift */; };
		40343B172B7E3C2600C90C1C /* LoginView.swift in Sources */ = {isa = PBXBuildFile; fileRef = 40343B162B7E3C2600C90C1C /* LoginView.swift */; };
		40343B192B7E3C4A00C90C1C /* PostFeedView.swift in Sources */ = {isa = PBXBuildFile; fileRef = 40343B182B7E3C4A00C90C1C /* PostFeedView.swift */; };
		40343B1B2B7E3C6900C90C1C /* ProfileSettingsView.swift in Sources */ = {isa = PBXBuildFile; fileRef = 40343B1A2B7E3C6900C90C1C /* ProfileSettingsView.swift */; };
		40343B1D2B7E3C8400C90C1C /* UserProfileView.swift in Sources */ = {isa = PBXBuildFile; fileRef = 40343B1C2B7E3C8400C90C1C /* UserProfileView.swift */; };
		40343B212B7E3E7E00C90C1C /* User.swift in Sources */ = {isa = PBXBuildFile; fileRef = 40343B202B7E3E7E00C90C1C /* User.swift */; };
		40343B232B7E3E8E00C90C1C /* Post.swift in Sources */ = {isa = PBXBuildFile; fileRef = 40343B222B7E3E8E00C90C1C /* Post.swift */; };
		40343B252B7E3EDA00C90C1C /* SignUpDetails.swift in Sources */ = {isa = PBXBuildFile; fileRef = 40343B242B7E3EDA00C90C1C /* SignUpDetails.swift */; };
		40343B272B7E3EF900C90C1C /* LoginCredentials.swift in Sources */ = {isa = PBXBuildFile; fileRef = 40343B262B7E3EF900C90C1C /* LoginCredentials.swift */; };
/* End PBXBuildFile section */

/* Begin PBXContainerItemProxy section */
		40343AF82B7E3A6100C90C1C /* PBXContainerItemProxy */ = {
			isa = PBXContainerItemProxy;
			containerPortal = 40343ADF2B7E3A5F00C90C1C /* Project object */;
			proxyType = 1;
			remoteGlobalIDString = 40343AE62B7E3A5F00C90C1C;
			remoteInfo = Acebook;
		};
		40343B022B7E3A6100C90C1C /* PBXContainerItemProxy */ = {
			isa = PBXContainerItemProxy;
			containerPortal = 40343ADF2B7E3A5F00C90C1C /* Project object */;
			proxyType = 1;
			remoteGlobalIDString = 40343AE62B7E3A5F00C90C1C;
			remoteInfo = Acebook;
		};
/* End PBXContainerItemProxy section */

/* Begin PBXFileReference section */
		403003662B7E52B80099229C /* LoginRequest.swift */ = {isa = PBXFileReference; lastKnownFileType = sourcecode.swift; path = LoginRequest.swift; sourceTree = "<group>"; };
		4030036B2B7E534E0099229C /* NetworkManager.swift */ = {isa = PBXFileReference; lastKnownFileType = sourcecode.swift; path = NetworkManager.swift; sourceTree = "<group>"; };
		403003722B7E64690099229C /* WelcomePageUITests.swift */ = {isa = PBXFileReference; fileEncoding = 4; lastKnownFileType = sourcecode.swift; name = WelcomePageUITests.swift; path = "../../../swiftui-engineering-project-main/MobileAcebookUITests/WelcomePageUITests.swift"; sourceTree = "<group>"; };
		403003742B7E64BE0099229C /* WelcomePageView.swift */ = {isa = PBXFileReference; fileEncoding = 4; lastKnownFileType = sourcecode.swift; name = WelcomePageView.swift; path = "../../../../swiftui-engineering-project-main/MobileAcebook/WelcomePageView.swift"; sourceTree = "<group>"; };
		403003782B7E65240099229C /* AuthenticationServiceProtocol.swift */ = {isa = PBXFileReference; fileEncoding = 4; lastKnownFileType = sourcecode.swift; name = AuthenticationServiceProtocol.swift; path = "../../../../swiftui-engineering-project-main/MobileAcebook/Protocols/AuthenticationServiceProtocol.swift"; sourceTree = "<group>"; };
		4030037B2B7E65890099229C /* AuthenticationService.swift */ = {isa = PBXFileReference; fileEncoding = 4; lastKnownFileType = sourcecode.swift; name = AuthenticationService.swift; path = "../../../../swiftui-engineering-project-main/MobileAcebook/Services/AuthenticationService.swift"; sourceTree = "<group>"; };
		40343AE72B7E3A5F00C90C1C /* Acebook.app */ = {isa = PBXFileReference; explicitFileType = wrapper.application; includeInIndex = 0; path = Acebook.app; sourceTree = BUILT_PRODUCTS_DIR; };
		40343AEA2B7E3A5F00C90C1C /* AcebookApp.swift */ = {isa = PBXFileReference; lastKnownFileType = sourcecode.swift; path = AcebookApp.swift; sourceTree = "<group>"; };
		40343AEC2B7E3A5F00C90C1C /* ContentView.swift */ = {isa = PBXFileReference; lastKnownFileType = sourcecode.swift; path = ContentView.swift; sourceTree = "<group>"; };
		40343AEE2B7E3A6100C90C1C /* Assets.xcassets */ = {isa = PBXFileReference; lastKnownFileType = folder.assetcatalog; path = Assets.xcassets; sourceTree = "<group>"; };
		40343AF12B7E3A6100C90C1C /* Preview Assets.xcassets */ = {isa = PBXFileReference; lastKnownFileType = folder.assetcatalog; path = "Preview Assets.xcassets"; sourceTree = "<group>"; };
		40343AF72B7E3A6100C90C1C /* AcebookTests.xctest */ = {isa = PBXFileReference; explicitFileType = wrapper.cfbundle; includeInIndex = 0; path = AcebookTests.xctest; sourceTree = BUILT_PRODUCTS_DIR; };
		40343AFB2B7E3A6100C90C1C /* AcebookTests.swift */ = {isa = PBXFileReference; lastKnownFileType = sourcecode.swift; path = AcebookTests.swift; sourceTree = "<group>"; };
		40343B012B7E3A6100C90C1C /* AcebookUITests.xctest */ = {isa = PBXFileReference; explicitFileType = wrapper.cfbundle; includeInIndex = 0; path = AcebookUITests.xctest; sourceTree = BUILT_PRODUCTS_DIR; };
		40343B052B7E3A6100C90C1C /* AcebookUITests.swift */ = {isa = PBXFileReference; lastKnownFileType = sourcecode.swift; path = AcebookUITests.swift; sourceTree = "<group>"; };
		40343B072B7E3A6100C90C1C /* AcebookUITestsLaunchTests.swift */ = {isa = PBXFileReference; lastKnownFileType = sourcecode.swift; path = AcebookUITestsLaunchTests.swift; sourceTree = "<group>"; };
		40343B142B7E3BD200C90C1C /* signUpView.swift */ = {isa = PBXFileReference; lastKnownFileType = sourcecode.swift; path = signUpView.swift; sourceTree = "<group>"; };
		40343B162B7E3C2600C90C1C /* LoginView.swift */ = {isa = PBXFileReference; lastKnownFileType = sourcecode.swift; path = LoginView.swift; sourceTree = "<group>"; };
		40343B182B7E3C4A00C90C1C /* PostFeedView.swift */ = {isa = PBXFileReference; lastKnownFileType = sourcecode.swift; path = PostFeedView.swift; sourceTree = "<group>"; };
		40343B1A2B7E3C6900C90C1C /* ProfileSettingsView.swift */ = {isa = PBXFileReference; lastKnownFileType = sourcecode.swift; path = ProfileSettingsView.swift; sourceTree = "<group>"; };
		40343B1C2B7E3C8400C90C1C /* UserProfileView.swift */ = {isa = PBXFileReference; lastKnownFileType = sourcecode.swift; path = UserProfileView.swift; sourceTree = "<group>"; };
		40343B202B7E3E7E00C90C1C /* User.swift */ = {isa = PBXFileReference; lastKnownFileType = sourcecode.swift; path = User.swift; sourceTree = "<group>"; };
		40343B222B7E3E8E00C90C1C /* Post.swift */ = {isa = PBXFileReference; lastKnownFileType = sourcecode.swift; path = Post.swift; sourceTree = "<group>"; };
		40343B242B7E3EDA00C90C1C /* SignUpDetails.swift */ = {isa = PBXFileReference; lastKnownFileType = sourcecode.swift; path = SignUpDetails.swift; sourceTree = "<group>"; };
		40343B262B7E3EF900C90C1C /* LoginCredentials.swift */ = {isa = PBXFileReference; lastKnownFileType = sourcecode.swift; path = LoginCredentials.swift; sourceTree = "<group>"; };
/* End PBXFileReference section */

/* Begin PBXFrameworksBuildPhase section */
		40343AE42B7E3A5F00C90C1C /* Frameworks */ = {
			isa = PBXFrameworksBuildPhase;
			buildActionMask = 2147483647;
			files = (
			);
			runOnlyForDeploymentPostprocessing = 0;
		};
		40343AF42B7E3A6100C90C1C /* Frameworks */ = {
			isa = PBXFrameworksBuildPhase;
			buildActionMask = 2147483647;
			files = (
			);
			runOnlyForDeploymentPostprocessing = 0;
		};
		40343AFE2B7E3A6100C90C1C /* Frameworks */ = {
			isa = PBXFrameworksBuildPhase;
			buildActionMask = 2147483647;
			files = (
			);
			runOnlyForDeploymentPostprocessing = 0;
		};
/* End PBXFrameworksBuildPhase section */

/* Begin PBXGroup section */
		403003692B7E530F0099229C /* UI */ = {
			isa = PBXGroup;
			children = (
			);
			path = UI;
			sourceTree = "<group>";
		};
		4030036A2B7E53400099229C /* NetworkManager */ = {
			isa = PBXGroup;
			children = (
				4030036B2B7E534E0099229C /* NetworkManager.swift */,
			);
			path = NetworkManager;
			sourceTree = "<group>";
		};
		4030036F2B7E5CB00099229C /* Services */ = {
			isa = PBXGroup;
			children = (
				4030037B2B7E65890099229C /* AuthenticationService.swift */,
			);
			path = Services;
			sourceTree = "<group>";
		};
		403003702B7E5CC40099229C /* Services */ = {
			isa = PBXGroup;
			children = (
			);
			path = Services;
			sourceTree = "<group>";
		};
		403003712B7E5CF00099229C /* Protocols */ = {
			isa = PBXGroup;
			children = (
				403003782B7E65240099229C /* AuthenticationServiceProtocol.swift */,
			);
			path = Protocols;
			sourceTree = "<group>";
		};
		40343ADE2B7E3A5F00C90C1C = {
			isa = PBXGroup;
			children = (
				40343AE92B7E3A5F00C90C1C /* Acebook */,
				40343AFA2B7E3A6100C90C1C /* AcebookTests */,
				40343B042B7E3A6100C90C1C /* AcebookUITests */,
				40343AE82B7E3A5F00C90C1C /* Products */,
			);
			sourceTree = "<group>";
		};
		40343AE82B7E3A5F00C90C1C /* Products */ = {
			isa = PBXGroup;
			children = (
				40343AE72B7E3A5F00C90C1C /* Acebook.app */,
				40343AF72B7E3A6100C90C1C /* AcebookTests.xctest */,
				40343B012B7E3A6100C90C1C /* AcebookUITests.xctest */,
			);
			name = Products;
			sourceTree = "<group>";
		};
		40343AE92B7E3A5F00C90C1C /* Acebook */ = {
			isa = PBXGroup;
			children = (
				403003712B7E5CF00099229C /* Protocols */,
				4030036F2B7E5CB00099229C /* Services */,
				4030036A2B7E53400099229C /* NetworkManager */,
				403003692B7E530F0099229C /* UI */,
				40343AEA2B7E3A5F00C90C1C /* AcebookApp.swift */,
				40343AEC2B7E3A5F00C90C1C /* ContentView.swift */,
				40343B162B7E3C2600C90C1C /* LoginView.swift */,
				40343B142B7E3BD200C90C1C /* signUpView.swift */,
				40343B1A2B7E3C6900C90C1C /* ProfileSettingsView.swift */,
				40343B1C2B7E3C8400C90C1C /* UserProfileView.swift */,
				40343B182B7E3C4A00C90C1C /* PostFeedView.swift */,
				40343B282B7E408400C90C1C /* models */,
				40343B202B7E3E7E00C90C1C /* User.swift */,
				40343B222B7E3E8E00C90C1C /* Post.swift */,
				40343B242B7E3EDA00C90C1C /* SignUpDetails.swift */,
				403003662B7E52B80099229C /* LoginRequest.swift */,
				40343B262B7E3EF900C90C1C /* LoginCredentials.swift */,
				40343AEE2B7E3A6100C90C1C /* Assets.xcassets */,
				40343AF02B7E3A6100C90C1C /* Preview Content */,
			);
			path = Acebook;
			sourceTree = "<group>";
		};
		40343AF02B7E3A6100C90C1C /* Preview Content */ = {
			isa = PBXGroup;
			children = (
				403003742B7E64BE0099229C /* WelcomePageView.swift */,
				40343AF12B7E3A6100C90C1C /* Preview Assets.xcassets */,
			);
			path = "Preview Content";
			sourceTree = "<group>";
		};
		40343AFA2B7E3A6100C90C1C /* AcebookTests */ = {
			isa = PBXGroup;
			children = (
				403003702B7E5CC40099229C /* Services */,
				40343AFB2B7E3A6100C90C1C /* AcebookTests.swift */,
			);
			path = AcebookTests;
			sourceTree = "<group>";
		};
		40343B042B7E3A6100C90C1C /* AcebookUITests */ = {
			isa = PBXGroup;
			children = (
				40343B052B7E3A6100C90C1C /* AcebookUITests.swift */,
				40343B072B7E3A6100C90C1C /* AcebookUITestsLaunchTests.swift */,
				403003722B7E64690099229C /* WelcomePageUITests.swift */,
			);
			path = AcebookUITests;
			sourceTree = "<group>";
		};
		40343B282B7E408400C90C1C /* models */ = {
			isa = PBXGroup;
			children = (
			);
			path = models;
			sourceTree = "<group>";
		};
/* End PBXGroup section */

/* Begin PBXNativeTarget section */
		40343AE62B7E3A5F00C90C1C /* Acebook */ = {
			isa = PBXNativeTarget;
			buildConfigurationList = 40343B0B2B7E3A6100C90C1C /* Build configuration list for PBXNativeTarget "Acebook" */;
			buildPhases = (
				40343AE32B7E3A5F00C90C1C /* Sources */,
				40343AE42B7E3A5F00C90C1C /* Frameworks */,
				40343AE52B7E3A5F00C90C1C /* Resources */,
			);
			buildRules = (
			);
			dependencies = (
			);
			name = Acebook;
			productName = Acebook;
			productReference = 40343AE72B7E3A5F00C90C1C /* Acebook.app */;
			productType = "com.apple.product-type.application";
		};
		40343AF62B7E3A6100C90C1C /* AcebookTests */ = {
			isa = PBXNativeTarget;
			buildConfigurationList = 40343B0E2B7E3A6100C90C1C /* Build configuration list for PBXNativeTarget "AcebookTests" */;
			buildPhases = (
				40343AF32B7E3A6100C90C1C /* Sources */,
				40343AF42B7E3A6100C90C1C /* Frameworks */,
				40343AF52B7E3A6100C90C1C /* Resources */,
			);
			buildRules = (
			);
			dependencies = (
				40343AF92B7E3A6100C90C1C /* PBXTargetDependency */,
			);
			name = AcebookTests;
			productName = AcebookTests;
			productReference = 40343AF72B7E3A6100C90C1C /* AcebookTests.xctest */;
			productType = "com.apple.product-type.bundle.unit-test";
		};
		40343B002B7E3A6100C90C1C /* AcebookUITests */ = {
			isa = PBXNativeTarget;
			buildConfigurationList = 40343B112B7E3A6100C90C1C /* Build configuration list for PBXNativeTarget "AcebookUITests" */;
			buildPhases = (
				40343AFD2B7E3A6100C90C1C /* Sources */,
				40343AFE2B7E3A6100C90C1C /* Frameworks */,
				40343AFF2B7E3A6100C90C1C /* Resources */,
			);
			buildRules = (
			);
			dependencies = (
				40343B032B7E3A6100C90C1C /* PBXTargetDependency */,
			);
			name = AcebookUITests;
			productName = AcebookUITests;
			productReference = 40343B012B7E3A6100C90C1C /* AcebookUITests.xctest */;
			productType = "com.apple.product-type.bundle.ui-testing";
		};
/* End PBXNativeTarget section */

/* Begin PBXProject section */
		40343ADF2B7E3A5F00C90C1C /* Project object */ = {
			isa = PBXProject;
			attributes = {
				BuildIndependentTargetsInParallel = 1;
				LastSwiftUpdateCheck = 1520;
				LastUpgradeCheck = 1520;
				TargetAttributes = {
					40343AE62B7E3A5F00C90C1C = {
						CreatedOnToolsVersion = 15.2;
					};
					40343AF62B7E3A6100C90C1C = {
						CreatedOnToolsVersion = 15.2;
						TestTargetID = 40343AE62B7E3A5F00C90C1C;
					};
					40343B002B7E3A6100C90C1C = {
						CreatedOnToolsVersion = 15.2;
						TestTargetID = 40343AE62B7E3A5F00C90C1C;
					};
				};
			};
			buildConfigurationList = 40343AE22B7E3A5F00C90C1C /* Build configuration list for PBXProject "Acebook" */;
			compatibilityVersion = "Xcode 14.0";
			developmentRegion = en;
			hasScannedForEncodings = 0;
			knownRegions = (
				en,
				Base,
			);
			mainGroup = 40343ADE2B7E3A5F00C90C1C;
			productRefGroup = 40343AE82B7E3A5F00C90C1C /* Products */;
			projectDirPath = "";
			projectRoot = "";
			targets = (
				40343AE62B7E3A5F00C90C1C /* Acebook */,
				40343AF62B7E3A6100C90C1C /* AcebookTests */,
				40343B002B7E3A6100C90C1C /* AcebookUITests */,
			);
		};
/* End PBXProject section */

/* Begin PBXResourcesBuildPhase section */
		40343AE52B7E3A5F00C90C1C /* Resources */ = {
			isa = PBXResourcesBuildPhase;
			buildActionMask = 2147483647;
			files = (
				40343AF22B7E3A6100C90C1C /* Preview Assets.xcassets in Resources */,
				40343AEF2B7E3A6100C90C1C /* Assets.xcassets in Resources */,
			);
			runOnlyForDeploymentPostprocessing = 0;
		};
		40343AF52B7E3A6100C90C1C /* Resources */ = {
			isa = PBXResourcesBuildPhase;
			buildActionMask = 2147483647;
			files = (
			);
			runOnlyForDeploymentPostprocessing = 0;
		};
		40343AFF2B7E3A6100C90C1C /* Resources */ = {
			isa = PBXResourcesBuildPhase;
			buildActionMask = 2147483647;
			files = (
			);
			runOnlyForDeploymentPostprocessing = 0;
		};
/* End PBXResourcesBuildPhase section */

/* Begin PBXSourcesBuildPhase section */
		40343AE32B7E3A5F00C90C1C /* Sources */ = {
			isa = PBXSourcesBuildPhase;
			buildActionMask = 2147483647;
			files = (
				40343B1D2B7E3C8400C90C1C /* UserProfileView.swift in Sources */,
				40343AED2B7E3A5F00C90C1C /* ContentView.swift in Sources */,
				40343B252B7E3EDA00C90C1C /* SignUpDetails.swift in Sources */,
				4030036C2B7E534E0099229C /* NetworkManager.swift in Sources */,
				403003672B7E52B80099229C /* LoginRequest.swift in Sources */,
				403003792B7E65240099229C /* AuthenticationServiceProtocol.swift in Sources */,
				40343AEB2B7E3A5F00C90C1C /* AcebookApp.swift in Sources */,
				40343B192B7E3C4A00C90C1C /* PostFeedView.swift in Sources */,
				40343B212B7E3E7E00C90C1C /* User.swift in Sources */,
				40343B1B2B7E3C6900C90C1C /* ProfileSettingsView.swift in Sources */,
				40343B232B7E3E8E00C90C1C /* Post.swift in Sources */,
				40343B172B7E3C2600C90C1C /* LoginView.swift in Sources */,
				4030037C2B7E65890099229C /* AuthenticationService.swift in Sources */,
				40343B272B7E3EF900C90C1C /* LoginCredentials.swift in Sources */,
				40343B152B7E3BD200C90C1C /* signUpView.swift in Sources */,
				403003752B7E64BE0099229C /* WelcomePageView.swift in Sources */,
			);
			runOnlyForDeploymentPostprocessing = 0;
		};
		40343AF32B7E3A6100C90C1C /* Sources */ = {
			isa = PBXSourcesBuildPhase;
			buildActionMask = 2147483647;
			files = (
				40343AFC2B7E3A6100C90C1C /* AcebookTests.swift in Sources */,
			);
			runOnlyForDeploymentPostprocessing = 0;
		};
		40343AFD2B7E3A6100C90C1C /* Sources */ = {
			isa = PBXSourcesBuildPhase;
			buildActionMask = 2147483647;
			files = (
				40343B062B7E3A6100C90C1C /* AcebookUITests.swift in Sources */,
				403003732B7E64690099229C /* WelcomePageUITests.swift in Sources */,
				40343B082B7E3A6100C90C1C /* AcebookUITestsLaunchTests.swift in Sources */,
			);
			runOnlyForDeploymentPostprocessing = 0;
		};
/* End PBXSourcesBuildPhase section */

/* Begin PBXTargetDependency section */
		40343AF92B7E3A6100C90C1C /* PBXTargetDependency */ = {
			isa = PBXTargetDependency;
			target = 40343AE62B7E3A5F00C90C1C /* Acebook */;
			targetProxy = 40343AF82B7E3A6100C90C1C /* PBXContainerItemProxy */;
		};
		40343B032B7E3A6100C90C1C /* PBXTargetDependency */ = {
			isa = PBXTargetDependency;
			target = 40343AE62B7E3A5F00C90C1C /* Acebook */;
			targetProxy = 40343B022B7E3A6100C90C1C /* PBXContainerItemProxy */;
		};
/* End PBXTargetDependency section */

/* Begin XCBuildConfiguration section */
		40343B092B7E3A6100C90C1C /* Debug */ = {
			isa = XCBuildConfiguration;
			buildSettings = {
				ALWAYS_SEARCH_USER_PATHS = NO;
				ASSETCATALOG_COMPILER_GENERATE_SWIFT_ASSET_SYMBOL_EXTENSIONS = YES;
				CLANG_ANALYZER_NONNULL = YES;
				CLANG_ANALYZER_NUMBER_OBJECT_CONVERSION = YES_AGGRESSIVE;
				CLANG_CXX_LANGUAGE_STANDARD = "gnu++20";
				CLANG_ENABLE_MODULES = YES;
				CLANG_ENABLE_OBJC_ARC = YES;
				CLANG_ENABLE_OBJC_WEAK = YES;
				CLANG_WARN_BLOCK_CAPTURE_AUTORELEASING = YES;
				CLANG_WARN_BOOL_CONVERSION = YES;
				CLANG_WARN_COMMA = YES;
				CLANG_WARN_CONSTANT_CONVERSION = YES;
				CLANG_WARN_DEPRECATED_OBJC_IMPLEMENTATIONS = YES;
				CLANG_WARN_DIRECT_OBJC_ISA_USAGE = YES_ERROR;
				CLANG_WARN_DOCUMENTATION_COMMENTS = YES;
				CLANG_WARN_EMPTY_BODY = YES;
				CLANG_WARN_ENUM_CONVERSION = YES;
				CLANG_WARN_INFINITE_RECURSION = YES;
				CLANG_WARN_INT_CONVERSION = YES;
				CLANG_WARN_NON_LITERAL_NULL_CONVERSION = YES;
				CLANG_WARN_OBJC_IMPLICIT_RETAIN_SELF = YES;
				CLANG_WARN_OBJC_LITERAL_CONVERSION = YES;
				CLANG_WARN_OBJC_ROOT_CLASS = YES_ERROR;
				CLANG_WARN_QUOTED_INCLUDE_IN_FRAMEWORK_HEADER = YES;
				CLANG_WARN_RANGE_LOOP_ANALYSIS = YES;
				CLANG_WARN_STRICT_PROTOTYPES = YES;
				CLANG_WARN_SUSPICIOUS_MOVE = YES;
				CLANG_WARN_UNGUARDED_AVAILABILITY = YES_AGGRESSIVE;
				CLANG_WARN_UNREACHABLE_CODE = YES;
				CLANG_WARN__DUPLICATE_METHOD_MATCH = YES;
				COPY_PHASE_STRIP = NO;
				DEBUG_INFORMATION_FORMAT = dwarf;
				ENABLE_STRICT_OBJC_MSGSEND = YES;
				ENABLE_TESTABILITY = YES;
				ENABLE_USER_SCRIPT_SANDBOXING = YES;
				GCC_C_LANGUAGE_STANDARD = gnu17;
				GCC_DYNAMIC_NO_PIC = NO;
				GCC_NO_COMMON_BLOCKS = YES;
				GCC_OPTIMIZATION_LEVEL = 0;
				GCC_PREPROCESSOR_DEFINITIONS = (
					"DEBUG=1",
					"$(inherited)",
				);
				GCC_WARN_64_TO_32_BIT_CONVERSION = YES;
				GCC_WARN_ABOUT_RETURN_TYPE = YES_ERROR;
				GCC_WARN_UNDECLARED_SELECTOR = YES;
				GCC_WARN_UNINITIALIZED_AUTOS = YES_AGGRESSIVE;
				GCC_WARN_UNUSED_FUNCTION = YES;
				GCC_WARN_UNUSED_VARIABLE = YES;
				IPHONEOS_DEPLOYMENT_TARGET = 17.2;
				LOCALIZATION_PREFERS_STRING_CATALOGS = YES;
				MTL_ENABLE_DEBUG_INFO = INCLUDE_SOURCE;
				MTL_FAST_MATH = YES;
				ONLY_ACTIVE_ARCH = YES;
				SDKROOT = iphoneos;
				SWIFT_ACTIVE_COMPILATION_CONDITIONS = "DEBUG $(inherited)";
				SWIFT_OPTIMIZATION_LEVEL = "-Onone";
			};
			name = Debug;
		};
		40343B0A2B7E3A6100C90C1C /* Release */ = {
			isa = XCBuildConfiguration;
			buildSettings = {
				ALWAYS_SEARCH_USER_PATHS = NO;
				ASSETCATALOG_COMPILER_GENERATE_SWIFT_ASSET_SYMBOL_EXTENSIONS = YES;
				CLANG_ANALYZER_NONNULL = YES;
				CLANG_ANALYZER_NUMBER_OBJECT_CONVERSION = YES_AGGRESSIVE;
				CLANG_CXX_LANGUAGE_STANDARD = "gnu++20";
				CLANG_ENABLE_MODULES = YES;
				CLANG_ENABLE_OBJC_ARC = YES;
				CLANG_ENABLE_OBJC_WEAK = YES;
				CLANG_WARN_BLOCK_CAPTURE_AUTORELEASING = YES;
				CLANG_WARN_BOOL_CONVERSION = YES;
				CLANG_WARN_COMMA = YES;
				CLANG_WARN_CONSTANT_CONVERSION = YES;
				CLANG_WARN_DEPRECATED_OBJC_IMPLEMENTATIONS = YES;
				CLANG_WARN_DIRECT_OBJC_ISA_USAGE = YES_ERROR;
				CLANG_WARN_DOCUMENTATION_COMMENTS = YES;
				CLANG_WARN_EMPTY_BODY = YES;
				CLANG_WARN_ENUM_CONVERSION = YES;
				CLANG_WARN_INFINITE_RECURSION = YES;
				CLANG_WARN_INT_CONVERSION = YES;
				CLANG_WARN_NON_LITERAL_NULL_CONVERSION = YES;
				CLANG_WARN_OBJC_IMPLICIT_RETAIN_SELF = YES;
				CLANG_WARN_OBJC_LITERAL_CONVERSION = YES;
				CLANG_WARN_OBJC_ROOT_CLASS = YES_ERROR;
				CLANG_WARN_QUOTED_INCLUDE_IN_FRAMEWORK_HEADER = YES;
				CLANG_WARN_RANGE_LOOP_ANALYSIS = YES;
				CLANG_WARN_STRICT_PROTOTYPES = YES;
				CLANG_WARN_SUSPICIOUS_MOVE = YES;
				CLANG_WARN_UNGUARDED_AVAILABILITY = YES_AGGRESSIVE;
				CLANG_WARN_UNREACHABLE_CODE = YES;
				CLANG_WARN__DUPLICATE_METHOD_MATCH = YES;
				COPY_PHASE_STRIP = NO;
				DEBUG_INFORMATION_FORMAT = "dwarf-with-dsym";
				ENABLE_NS_ASSERTIONS = NO;
				ENABLE_STRICT_OBJC_MSGSEND = YES;
				ENABLE_USER_SCRIPT_SANDBOXING = YES;
				GCC_C_LANGUAGE_STANDARD = gnu17;
				GCC_NO_COMMON_BLOCKS = YES;
				GCC_WARN_64_TO_32_BIT_CONVERSION = YES;
				GCC_WARN_ABOUT_RETURN_TYPE = YES_ERROR;
				GCC_WARN_UNDECLARED_SELECTOR = YES;
				GCC_WARN_UNINITIALIZED_AUTOS = YES_AGGRESSIVE;
				GCC_WARN_UNUSED_FUNCTION = YES;
				GCC_WARN_UNUSED_VARIABLE = YES;
				IPHONEOS_DEPLOYMENT_TARGET = 17.2;
				LOCALIZATION_PREFERS_STRING_CATALOGS = YES;
				MTL_ENABLE_DEBUG_INFO = NO;
				MTL_FAST_MATH = YES;
				SDKROOT = iphoneos;
				SWIFT_COMPILATION_MODE = wholemodule;
				VALIDATE_PRODUCT = YES;
			};
			name = Release;
		};
		40343B0C2B7E3A6100C90C1C /* Debug */ = {
			isa = XCBuildConfiguration;
			buildSettings = {
				ASSETCATALOG_COMPILER_APPICON_NAME = AppIcon;
				ASSETCATALOG_COMPILER_GLOBAL_ACCENT_COLOR_NAME = AccentColor;
				CODE_SIGN_STYLE = Automatic;
				CURRENT_PROJECT_VERSION = 1;
				DEVELOPMENT_ASSET_PATHS = "\"Acebook/Preview Content\"";
				DEVELOPMENT_TEAM = XRBX6Z7278;
				ENABLE_PREVIEWS = YES;
				GENERATE_INFOPLIST_FILE = YES;
				INFOPLIST_KEY_UIApplicationSceneManifest_Generation = YES;
				INFOPLIST_KEY_UIApplicationSupportsIndirectInputEvents = YES;
				INFOPLIST_KEY_UILaunchScreen_Generation = YES;
				INFOPLIST_KEY_UISupportedInterfaceOrientations_iPad = "UIInterfaceOrientationPortrait UIInterfaceOrientationPortraitUpsideDown UIInterfaceOrientationLandscapeLeft UIInterfaceOrientationLandscapeRight";
				INFOPLIST_KEY_UISupportedInterfaceOrientations_iPhone = "UIInterfaceOrientationPortrait UIInterfaceOrientationLandscapeLeft UIInterfaceOrientationLandscapeRight";
				LD_RUNPATH_SEARCH_PATHS = (
					"$(inherited)",
					"@executable_path/Frameworks",
				);
				MARKETING_VERSION = 1.0;
				PRODUCT_BUNDLE_IDENTIFIER = makers.Acebook;
				PRODUCT_NAME = "$(TARGET_NAME)";
				SWIFT_EMIT_LOC_STRINGS = YES;
				SWIFT_VERSION = 5.0;
				TARGETED_DEVICE_FAMILY = "1,2";
			};
			name = Debug;
		};
		40343B0D2B7E3A6100C90C1C /* Release */ = {
			isa = XCBuildConfiguration;
			buildSettings = {
				ASSETCATALOG_COMPILER_APPICON_NAME = AppIcon;
				ASSETCATALOG_COMPILER_GLOBAL_ACCENT_COLOR_NAME = AccentColor;
				CODE_SIGN_STYLE = Automatic;
				CURRENT_PROJECT_VERSION = 1;
				DEVELOPMENT_ASSET_PATHS = "\"Acebook/Preview Content\"";
				DEVELOPMENT_TEAM = XRBX6Z7278;
				ENABLE_PREVIEWS = YES;
				GENERATE_INFOPLIST_FILE = YES;
				INFOPLIST_KEY_UIApplicationSceneManifest_Generation = YES;
				INFOPLIST_KEY_UIApplicationSupportsIndirectInputEvents = YES;
				INFOPLIST_KEY_UILaunchScreen_Generation = YES;
				INFOPLIST_KEY_UISupportedInterfaceOrientations_iPad = "UIInterfaceOrientationPortrait UIInterfaceOrientationPortraitUpsideDown UIInterfaceOrientationLandscapeLeft UIInterfaceOrientationLandscapeRight";
				INFOPLIST_KEY_UISupportedInterfaceOrientations_iPhone = "UIInterfaceOrientationPortrait UIInterfaceOrientationLandscapeLeft UIInterfaceOrientationLandscapeRight";
				LD_RUNPATH_SEARCH_PATHS = (
					"$(inherited)",
					"@executable_path/Frameworks",
				);
				MARKETING_VERSION = 1.0;
				PRODUCT_BUNDLE_IDENTIFIER = makers.Acebook;
				PRODUCT_NAME = "$(TARGET_NAME)";
				SWIFT_EMIT_LOC_STRINGS = YES;
				SWIFT_VERSION = 5.0;
				TARGETED_DEVICE_FAMILY = "1,2";
			};
			name = Release;
		};
		40343B0F2B7E3A6100C90C1C /* Debug */ = {
			isa = XCBuildConfiguration;
			buildSettings = {
				ALWAYS_EMBED_SWIFT_STANDARD_LIBRARIES = YES;
				BUNDLE_LOADER = "$(TEST_HOST)";
				CODE_SIGN_STYLE = Automatic;
				CURRENT_PROJECT_VERSION = 1;
				DEVELOPMENT_TEAM = XRBX6Z7278;
				GENERATE_INFOPLIST_FILE = YES;
				IPHONEOS_DEPLOYMENT_TARGET = 17.2;
				MARKETING_VERSION = 1.0;
				PRODUCT_BUNDLE_IDENTIFIER = makers.AcebookTests;
				PRODUCT_NAME = "$(TARGET_NAME)";
				SWIFT_EMIT_LOC_STRINGS = NO;
				SWIFT_VERSION = 5.0;
				TARGETED_DEVICE_FAMILY = "1,2";
				TEST_HOST = "$(BUILT_PRODUCTS_DIR)/Acebook.app/$(BUNDLE_EXECUTABLE_FOLDER_PATH)/Acebook";
			};
			name = Debug;
		};
		40343B102B7E3A6100C90C1C /* Release */ = {
			isa = XCBuildConfiguration;
			buildSettings = {
				ALWAYS_EMBED_SWIFT_STANDARD_LIBRARIES = YES;
				BUNDLE_LOADER = "$(TEST_HOST)";
				CODE_SIGN_STYLE = Automatic;
				CURRENT_PROJECT_VERSION = 1;
				DEVELOPMENT_TEAM = XRBX6Z7278;
				GENERATE_INFOPLIST_FILE = YES;
				IPHONEOS_DEPLOYMENT_TARGET = 17.2;
				MARKETING_VERSION = 1.0;
				PRODUCT_BUNDLE_IDENTIFIER = makers.AcebookTests;
				PRODUCT_NAME = "$(TARGET_NAME)";
				SWIFT_EMIT_LOC_STRINGS = NO;
				SWIFT_VERSION = 5.0;
				TARGETED_DEVICE_FAMILY = "1,2";
				TEST_HOST = "$(BUILT_PRODUCTS_DIR)/Acebook.app/$(BUNDLE_EXECUTABLE_FOLDER_PATH)/Acebook";
			};
			name = Release;
		};
		40343B122B7E3A6100C90C1C /* Debug */ = {
			isa = XCBuildConfiguration;
			buildSettings = {
				ALWAYS_EMBED_SWIFT_STANDARD_LIBRARIES = YES;
				CODE_SIGN_STYLE = Automatic;
				CURRENT_PROJECT_VERSION = 1;
				DEVELOPMENT_TEAM = XRBX6Z7278;
				GENERATE_INFOPLIST_FILE = YES;
				MARKETING_VERSION = 1.0;
				PRODUCT_BUNDLE_IDENTIFIER = makers.AcebookUITests;
				PRODUCT_NAME = "$(TARGET_NAME)";
				SWIFT_EMIT_LOC_STRINGS = NO;
				SWIFT_VERSION = 5.0;
				TARGETED_DEVICE_FAMILY = "1,2";
				TEST_TARGET_NAME = Acebook;
			};
			name = Debug;
		};
		40343B132B7E3A6100C90C1C /* Release */ = {
			isa = XCBuildConfiguration;
			buildSettings = {
				ALWAYS_EMBED_SWIFT_STANDARD_LIBRARIES = YES;
				CODE_SIGN_STYLE = Automatic;
				CURRENT_PROJECT_VERSION = 1;
				DEVELOPMENT_TEAM = XRBX6Z7278;
				GENERATE_INFOPLIST_FILE = YES;
				MARKETING_VERSION = 1.0;
				PRODUCT_BUNDLE_IDENTIFIER = makers.AcebookUITests;
				PRODUCT_NAME = "$(TARGET_NAME)";
				SWIFT_EMIT_LOC_STRINGS = NO;
				SWIFT_VERSION = 5.0;
				TARGETED_DEVICE_FAMILY = "1,2";
				TEST_TARGET_NAME = Acebook;
			};
			name = Release;
		};
/* End XCBuildConfiguration section */

/* Begin XCConfigurationList section */
		40343AE22B7E3A5F00C90C1C /* Build configuration list for PBXProject "Acebook" */ = {
			isa = XCConfigurationList;
			buildConfigurations = (
				40343B092B7E3A6100C90C1C /* Debug */,
				40343B0A2B7E3A6100C90C1C /* Release */,
			);
			defaultConfigurationIsVisible = 0;
			defaultConfigurationName = Release;
		};
		40343B0B2B7E3A6100C90C1C /* Build configuration list for PBXNativeTarget "Acebook" */ = {
			isa = XCConfigurationList;
			buildConfigurations = (
				40343B0C2B7E3A6100C90C1C /* Debug */,
				40343B0D2B7E3A6100C90C1C /* Release */,
			);
			defaultConfigurationIsVisible = 0;
			defaultConfigurationName = Release;
		};
		40343B0E2B7E3A6100C90C1C /* Build configuration list for PBXNativeTarget "AcebookTests" */ = {
			isa = XCConfigurationList;
			buildConfigurations = (
				40343B0F2B7E3A6100C90C1C /* Debug */,
				40343B102B7E3A6100C90C1C /* Release */,
			);
			defaultConfigurationIsVisible = 0;
			defaultConfigurationName = Release;
		};
		40343B112B7E3A6100C90C1C /* Build configuration list for PBXNativeTarget "AcebookUITests" */ = {
			isa = XCConfigurationList;
			buildConfigurations = (
				40343B122B7E3A6100C90C1C /* Debug */,
				40343B132B7E3A6100C90C1C /* Release */,
			);
			defaultConfigurationIsVisible = 0;
			defaultConfigurationName = Release;
		};
/* End XCConfigurationList section */
	};
	rootObject = 40343ADF2B7E3A5F00C90C1C /* Project object */;
}
